
Microsoft Visual Studio Solution File, Format Version 12.00
# Visual Studio Version 17
VisualStudioVersion = 17.4.33103.184
MinimumVisualStudioVersion = 10.0.40219.1
Project("{9A19103F-16F7-4668-BE54-9A1E7A4F7556}") = "ProfitCalc.BLL", "ProfitCalc.BLL\ProfitCalc.BLL.csproj", "{6C0731B4-224F-44EF-8054-F0372085CD79}"
EndProject
Project("{9A19103F-16F7-4668-BE54-9A1E7A4F7556}") = "ProfitCalc.Console", "ProfitCalc.Console\ProfitCalc.Console.csproj", "{E939E28E-A97A-46AA-BA05-8A50A9375298}"
EndProject
Project("{9A19103F-16F7-4668-BE54-9A1E7A4F7556}") = "ProfitCalc.Tests", "ProfitCalc.Tests\ProfitCalc.Tests.csproj", "{BA28CAA6-86AD-45B5-9788-8F82E1C3687F}"
EndProject
Project("{FAE04EC0-301F-11D3-BF4B-00C04F79EFBC}") = "ProfitCalc.Web", "ProfitCalc.Web\ProfitCalc.Web.csproj", "{82D47A6E-ADBB-4EEE-B0BC-933AEBAEB8F2}"
EndProject
Global
	GlobalSection(SolutionConfigurationPlatforms) = preSolution
		Debug|Any CPU = Debug|Any CPU
		Release|Any CPU = Release|Any CPU
	EndGlobalSection
	GlobalSection(ProjectConfigurationPlatforms) = postSolution
		{6C0731B4-224F-44EF-8054-F0372085CD79}.Debug|Any CPU.ActiveCfg = Debug|Any CPU
		{6C0731B4-224F-44EF-8054-F0372085CD79}.Debug|Any CPU.Build.0 = Debug|Any CPU
		{6C0731B4-224F-44EF-8054-F0372085CD79}.Release|Any CPU.ActiveCfg = Release|Any CPU
		{6C0731B4-224F-44EF-8054-F0372085CD79}.Release|Any CPU.Build.0 = Release|Any CPU
		{E939E28E-A97A-46AA-BA05-8A50A9375298}.Debug|Any CPU.ActiveCfg = Debug|Any CPU
		{E939E28E-A97A-46AA-BA05-8A50A9375298}.Debug|Any CPU.Build.0 = Debug|Any CPU
		{E939E28E-A97A-46AA-BA05-8A50A9375298}.Release|Any CPU.ActiveCfg = Release|Any CPU
		{E939E28E-A97A-46AA-BA05-8A50A9375298}.Release|Any CPU.Build.0 = Release|Any CPU
		{BA28CAA6-86AD-45B5-9788-8F82E1C3687F}.Debug|Any CPU.ActiveCfg = Debug|Any CPU
		{BA28CAA6-86AD-45B5-9788-8F82E1C3687F}.Debug|Any CPU.Build.0 = Debug|Any CPU
		{BA28CAA6-86AD-45B5-9788-8F82E1C3687F}.Release|Any CPU.ActiveCfg = Release|Any CPU
		{BA28CAA6-86AD-45B5-9788-8F82E1C3687F}.Release|Any CPU.Build.0 = Release|Any CPU
		{82D47A6E-ADBB-4EEE-B0BC-933AEBAEB8F2}.Debug|Any CPU.ActiveCfg = Debug|Any CPU
		{82D47A6E-ADBB-4EEE-B0BC-933AEBAEB8F2}.Debug|Any CPU.Build.0 = Debug|Any CPU
		{82D47A6E-ADBB-4EEE-B0BC-933AEBAEB8F2}.Release|Any CPU.ActiveCfg = Release|Any CPU
		{82D47A6E-ADBB-4EEE-B0BC-933AEBAEB8F2}.Release|Any CPU.Build.0 = Release|Any CPU
	EndGlobalSection
	GlobalSection(SolutionProperties) = preSolution
		HideSolutionNode = FALSE
	EndGlobalSection
	GlobalSection(ExtensibilityGlobals) = postSolution
		SolutionGuid = {F274DE05-9777-4B3E-B90E-F856016BB1AC}
	EndGlobalSection
EndGlobal
